
Microsoft Visual Studio Solution File, Format Version 12.00
# Visual Studio 15
VisualStudioVersion = 15.0.28307.438
MinimumVisualStudioVersion = 10.0.40219.1
Project("{9A19103F-16F7-4668-BE54-9A1E7A4F7556}") = "WebApi", "WebApi\WebApi.csproj", "{DF7D482C-CCE1-414C-B40A-752BA8FCA0C1}"
EndProject
Global
	GlobalSection(SolutionConfigurationPlatforms) = preSolution
		Debug|Any CPU = Debug|Any CPU
		Release|Any CPU = Release|Any CPU
	EndGlobalSection
	GlobalSection(ProjectConfigurationPlatforms) = postSolution
		{DF7D482C-CCE1-414C-B40A-752BA8FCA0C1}.Debug|Any CPU.ActiveCfg = Debug|Any CPU
		{DF7D482C-CCE1-414C-B40A-752BA8FCA0C1}.Debug|Any CPU.Build.0 = Debug|Any CPU
		{DF7D482C-CCE1-414C-B40A-752BA8FCA0C1}.Release|Any CPU.ActiveCfg = Release|Any CPU
		{DF7D482C-CCE1-414C-B40A-752BA8FCA0C1}.Release|Any CPU.Build.0 = Release|Any CPU
	EndGlobalSection
	GlobalSection(SolutionProperties) = preSolution
		HideSolutionNode = FALSE
	EndGlobalSection
	GlobalSection(ExtensibilityGlobals) = postSolution
		SolutionGuid = {6DFA8FC5-C5DA-4E4A-B436-28E2C6D23ACA}
	EndGlobalSection
EndGlobal
